
Microsoft Visual Studio Solution File, Format Version 12.00
# Visual Studio 15
VisualStudioVersion = 15.0.28307.1267
MinimumVisualStudioVersion = 10.0.40219.1
Project("{FAE04EC0-301F-11D3-BF4B-00C04F79EFBC}") = "RentalKendaraan", "RentalKendaraan\RentalKendaraan.csproj", "{F80BFFF0-8A7B-4895-8466-C22CBC7BA14A}"
EndProject
Global
	GlobalSection(SolutionConfigurationPlatforms) = preSolution
		Debug|Any CPU = Debug|Any CPU
		Release|Any CPU = Release|Any CPU
	EndGlobalSection
	GlobalSection(ProjectConfigurationPlatforms) = postSolution
		{F80BFFF0-8A7B-4895-8466-C22CBC7BA14A}.Debug|Any CPU.ActiveCfg = Debug|Any CPU
		{F80BFFF0-8A7B-4895-8466-C22CBC7BA14A}.Debug|Any CPU.Build.0 = Debug|Any CPU
		{F80BFFF0-8A7B-4895-8466-C22CBC7BA14A}.Release|Any CPU.ActiveCfg = Release|Any CPU
		{F80BFFF0-8A7B-4895-8466-C22CBC7BA14A}.Release|Any CPU.Build.0 = Release|Any CPU
	EndGlobalSection
	GlobalSection(SolutionProperties) = preSolution
		HideSolutionNode = FALSE
	EndGlobalSection
	GlobalSection(ExtensibilityGlobals) = postSolution
		SolutionGuid = {839161B4-E87B-4629-A65D-13308B84E97B}
	EndGlobalSection
EndGlobal
